{
  "version": 4,
  "terraform_version": "0.12.12",
  "serial": 9,
  "lineage": "de3ebc56-7ec7-fa16-2126-1d0eeea2ce5a",
  "outputs": {},
  "resources": [
    {
      "mode": "managed",
      "type": "aws_internet_gateway",
      "name": "My_VPC_GW",
      "provider": "provider.aws",
      "instances": [
        {
          "schema_version": 0,
          "attributes": {
            "id": "igw-00c4d7146d413e822",
            "owner_id": "256203163064",
            "tags": {
              "Name": "My VPC Internet Gateway"
            },
            "vpc_id": "vpc-0c77c4d960ca292b6"
          },
          "private": "bnVsbA==",
          "depends_on": [
            "aws_vpc.My_VPC"
          ]
        }
      ]
    },
    {
      "mode": "managed",
      "type": "aws_network_acl",
      "name": "My_VPC_Security_ACL",
      "provider": "provider.aws",
      "instances": [
        {
          "schema_version": 0,
          "attributes": {
            "egress": [
              {
                "action": "allow",
                "cidr_block": "0.0.0.0/0",
                "from_port": 1024,
                "icmp_code": null,
                "icmp_type": null,
                "ipv6_cidr_block": "",
                "protocol": "tcp",
                "rule_no": 100,
                "to_port": 65535
              }
            ],
            "id": "acl-0b517a64420e167a6",
            "ingress": [
              {
                "action": "allow",
                "cidr_block": "0.0.0.0/0",
                "from_port": 1024,
                "icmp_code": null,
                "icmp_type": null,
                "ipv6_cidr_block": "",
                "protocol": "tcp",
                "rule_no": 200,
                "to_port": 65535
              },
              {
                "action": "allow",
                "cidr_block": "0.0.0.0/0",
                "from_port": 22,
                "icmp_code": null,
                "icmp_type": null,
                "ipv6_cidr_block": "",
                "protocol": "tcp",
                "rule_no": 100,
                "to_port": 22
              }
            ],
            "owner_id": "256203163064",
            "subnet_id": null,
            "subnet_ids": [
              "subnet-0ae30400bfa604229"
            ],
            "tags": {
              "Name": "My VPC ACL"
            },
            "vpc_id": "vpc-0c77c4d960ca292b6"
          },
          "private": "bnVsbA==",
          "depends_on": [
            "aws_subnet.My_VPC_Subnet",
            "aws_vpc.My_VPC"
          ]
        }
      ]
    },
    {
      "mode": "managed",
      "type": "aws_route",
      "name": "My_VPC_internet_access",
      "provider": "provider.aws",
      "instances": [
        {
          "schema_version": 0,
          "attributes": {
            "destination_cidr_block": "0.0.0.0/0",
            "destination_ipv6_cidr_block": null,
            "destination_prefix_list_id": "",
            "egress_only_gateway_id": "",
            "gateway_id": "igw-00c4d7146d413e822",
            "id": "r-rtb-046b2b0e9db8ccbc81080289494",
            "instance_id": "",
            "instance_owner_id": "",
            "nat_gateway_id": "",
            "network_interface_id": "",
            "origin": "CreateRoute",
            "route_table_id": "rtb-046b2b0e9db8ccbc8",
            "state": "active",
            "timeouts": null,
            "transit_gateway_id": "",
            "vpc_peering_connection_id": ""
          },
          "private": "eyJlMmJmYjczMC1lY2FhLTExZTYtOGY4OC0zNDM2M2JjN2M0YzAiOnsiY3JlYXRlIjoxMjAwMDAwMDAwMDAsImRlbGV0ZSI6MzAwMDAwMDAwMDAwfX0=",
          "depends_on": [
            "aws_internet_gateway.My_VPC_GW",
            "aws_route_table.My_VPC_route_table"
          ]
        }
      ]
    },
    {
      "mode": "managed",
      "type": "aws_route_table",
      "name": "My_VPC_route_table",
      "provider": "provider.aws",
      "instances": [
        {
          "schema_version": 0,
          "attributes": {
            "id": "rtb-046b2b0e9db8ccbc8",
            "owner_id": "256203163064",
            "propagating_vgws": [],
            "route": [],
            "tags": {
              "Name": "My VPC Route Table"
            },
            "vpc_id": "vpc-0c77c4d960ca292b6"
          },
          "private": "bnVsbA==",
          "depends_on": [
            "aws_vpc.My_VPC"
          ]
        }
      ]
    },
    {
      "mode": "managed",
      "type": "aws_route_table_association",
      "name": "My_VPC_association",
      "provider": "provider.aws",
      "instances": [
        {
          "schema_version": 0,
          "attributes": {
            "id": "rtbassoc-0ad47df92a8f4315b",
            "route_table_id": "rtb-046b2b0e9db8ccbc8",
            "subnet_id": "subnet-0ae30400bfa604229"
          },
          "private": "bnVsbA==",
          "depends_on": [
            "aws_route_table.My_VPC_route_table",
            "aws_subnet.My_VPC_Subnet"
          ]
        }
      ]
    },
    {
      "mode": "managed",
      "type": "aws_security_group",
      "name": "My_VPC_Security_Group",
      "provider": "provider.aws",
      "instances": [
        {
          "schema_version": 1,
          "attributes": {
            "arn": "arn:aws:ec2:us-east-1:256203163064:security-group/sg-032ce3bc3aff73b22",
            "description": "My VPC Security Group",
            "egress": [],
            "id": "sg-032ce3bc3aff73b22",
            "ingress": [
              {
                "cidr_blocks": [
                  "0.0.0.0/0"
                ],
                "description": "",
                "from_port": 22,
                "ipv6_cidr_blocks": [],
                "prefix_list_ids": [],
                "protocol": "tcp",
                "security_groups": [],
                "self": false,
                "to_port": 22
              }
            ],
            "name": "My VPC Security Group",
            "name_prefix": null,
            "owner_id": "256203163064",
            "revoke_rules_on_delete": false,
            "tags": {
              "Name": "My VPC Security Group"
            },
            "timeouts": null,
            "vpc_id": "vpc-0c77c4d960ca292b6"
          },
          "private": "eyJlMmJmYjczMC1lY2FhLTExZTYtOGY4OC0zNDM2M2JjN2M0YzAiOnsiY3JlYXRlIjo2MDAwMDAwMDAwMDAsImRlbGV0ZSI6NjAwMDAwMDAwMDAwfSwic2NoZW1hX3ZlcnNpb24iOiIxIn0=",
          "depends_on": [
            "aws_vpc.My_VPC"
          ]
        }
      ]
    },
    {
      "mode": "managed",
      "type": "aws_subnet",
      "name": "My_VPC_Subnet",
      "provider": "provider.aws",
      "instances": [
        {
          "schema_version": 1,
          "attributes": {
            "arn": "arn:aws:ec2:us-east-1:256203163064:subnet/subnet-0ae30400bfa604229",
            "assign_ipv6_address_on_creation": false,
            "availability_zone": "us-east-1a",
            "availability_zone_id": "use1-az6",
            "cidr_block": "10.0.1.0/24",
            "id": "subnet-0ae30400bfa604229",
            "ipv6_cidr_block": "",
            "ipv6_cidr_block_association_id": "",
            "map_public_ip_on_launch": true,
            "owner_id": "256203163064",
            "tags": {
              "Name": "My VPC Subnet"
            },
            "timeouts": null,
            "vpc_id": "vpc-0c77c4d960ca292b6"
          },
          "private": "eyJlMmJmYjczMC1lY2FhLTExZTYtOGY4OC0zNDM2M2JjN2M0YzAiOnsiY3JlYXRlIjo2MDAwMDAwMDAwMDAsImRlbGV0ZSI6MTIwMDAwMDAwMDAwMH0sInNjaGVtYV92ZXJzaW9uIjoiMSJ9",
          "depends_on": [
            "aws_vpc.My_VPC"
          ]
        }
      ]
    },
    {
      "mode": "managed",
      "type": "aws_vpc",
      "name": "My_VPC",
      "provider": "provider.aws",
      "instances": [
        {
          "schema_version": 1,
          "attributes": {
            "arn": "arn:aws:ec2:us-east-1:256203163064:vpc/vpc-0c77c4d960ca292b6",
            "assign_generated_ipv6_cidr_block": false,
            "cidr_block": "10.0.0.0/16",
            "default_network_acl_id": "acl-07e87ca32768839e1",
            "default_route_table_id": "rtb-076bd1f4147b6dfa8",
            "default_security_group_id": "sg-025bbd9a9eec49ade",
            "dhcp_options_id": "dopt-e8762593",
            "enable_classiclink": false,
            "enable_classiclink_dns_support": false,
            "enable_dns_hostnames": true,
            "enable_dns_support": true,
            "id": "vpc-0c77c4d960ca292b6",
            "instance_tenancy": "default",
            "ipv6_association_id": "",
            "ipv6_cidr_block": "",
            "main_route_table_id": "rtb-076bd1f4147b6dfa8",
            "owner_id": "256203163064",
            "tags": {
              "Name": "My VPC"
            }
          },
          "private": "eyJzY2hlbWFfdmVyc2lvbiI6IjEifQ=="
        }
      ]
    }
  ]
}
